
Microsoft Visual Studio Solution File, Format Version 12.00
# Visual Studio Version 17
VisualStudioVersion = 17.8.34511.84
MinimumVisualStudioVersion = 10.0.40219.1
Project("{FAE04EC0-301F-11D3-BF4B-00C04F79EFBC}") = "Coffee Program", "Coffee Program.csproj", "{27B75373-7A1C-4F43-867C-DAD0D89BB1D7}"
EndProject
Global
	GlobalSection(SolutionConfigurationPlatforms) = preSolution
		Debug|Any CPU = Debug|Any CPU
		Release|Any CPU = Release|Any CPU
	EndGlobalSection
	GlobalSection(ProjectConfigurationPlatforms) = postSolution
		{27B75373-7A1C-4F43-867C-DAD0D89BB1D7}.Debug|Any CPU.ActiveCfg = Debug|Any CPU
		{27B75373-7A1C-4F43-867C-DAD0D89BB1D7}.Debug|Any CPU.Build.0 = Debug|Any CPU
		{27B75373-7A1C-4F43-867C-DAD0D89BB1D7}.Release|Any CPU.ActiveCfg = Release|Any CPU
		{27B75373-7A1C-4F43-867C-DAD0D89BB1D7}.Release|Any CPU.Build.0 = Release|Any CPU
	EndGlobalSection
	GlobalSection(SolutionProperties) = preSolution
		HideSolutionNode = FALSE
	EndGlobalSection
	GlobalSection(ExtensibilityGlobals) = postSolution
		SolutionGuid = {D3853EF8-ACEB-4441-95FD-ECEEBEB4EB99}
	EndGlobalSection
EndGlobal
