
Microsoft Visual Studio Solution File, Format Version 12.00
# Visual Studio Version 17
VisualStudioVersion = 17.8.34511.84
MinimumVisualStudioVersion = 10.0.40219.1
Project("{FAE04EC0-301F-11D3-BF4B-00C04F79EFBC}") = "CelsiusToFahrenheit", "CelsiusToFahrenheit\CelsiusToFahrenheit.csproj", "{2C2D595B-F3D6-49A7-9552-0BC1B0828236}"
EndProject
Global
	GlobalSection(SolutionConfigurationPlatforms) = preSolution
		Debug|Any CPU = Debug|Any CPU
		Release|Any CPU = Release|Any CPU
	EndGlobalSection
	GlobalSection(ProjectConfigurationPlatforms) = postSolution
		{2C2D595B-F3D6-49A7-9552-0BC1B0828236}.Debug|Any CPU.ActiveCfg = Debug|Any CPU
		{2C2D595B-F3D6-49A7-9552-0BC1B0828236}.Debug|Any CPU.Build.0 = Debug|Any CPU
		{2C2D595B-F3D6-49A7-9552-0BC1B0828236}.Release|Any CPU.ActiveCfg = Release|Any CPU
		{2C2D595B-F3D6-49A7-9552-0BC1B0828236}.Release|Any CPU.Build.0 = Release|Any CPU
	EndGlobalSection
	GlobalSection(SolutionProperties) = preSolution
		HideSolutionNode = FALSE
	EndGlobalSection
	GlobalSection(ExtensibilityGlobals) = postSolution
		SolutionGuid = {456A5A9C-59CE-4500-A821-40A59156D35D}
	EndGlobalSection
EndGlobal
