
Microsoft Visual Studio Solution File, Format Version 12.00
# Visual Studio Version 17
VisualStudioVersion = 17.8.34511.84
MinimumVisualStudioVersion = 10.0.40219.1
Project("{F184B08F-C81C-45F6-A57F-5ABD9991F28F}") = "HelloWorldButton", "HelloWorldButton\HelloWorldButton.vbproj", "{BB4A41EE-84AE-4A82-A4E8-3BD6B3A35E42}"
EndProject
Global
	GlobalSection(SolutionConfigurationPlatforms) = preSolution
		Debug|Any CPU = Debug|Any CPU
		Release|Any CPU = Release|Any CPU
	EndGlobalSection
	GlobalSection(ProjectConfigurationPlatforms) = postSolution
		{BB4A41EE-84AE-4A82-A4E8-3BD6B3A35E42}.Debug|Any CPU.ActiveCfg = Debug|Any CPU
		{BB4A41EE-84AE-4A82-A4E8-3BD6B3A35E42}.Debug|Any CPU.Build.0 = Debug|Any CPU
		{BB4A41EE-84AE-4A82-A4E8-3BD6B3A35E42}.Release|Any CPU.ActiveCfg = Release|Any CPU
		{BB4A41EE-84AE-4A82-A4E8-3BD6B3A35E42}.Release|Any CPU.Build.0 = Release|Any CPU
	EndGlobalSection
	GlobalSection(SolutionProperties) = preSolution
		HideSolutionNode = FALSE
	EndGlobalSection
	GlobalSection(ExtensibilityGlobals) = postSolution
		SolutionGuid = {F3618CCC-7864-4ADA-9CA5-A24D472408BA}
	EndGlobalSection
EndGlobal
